
Microsoft Visual Studio Solution File, Format Version 12.00
# Visual Studio 15
VisualStudioVersion = 15.0.28307.572
MinimumVisualStudioVersion = 10.0.40219.1
Project("{2150E333-8FDC-42A3-9474-1A3956D46DE8}") = "05 Application 应用服务层", "05 Application 应用服务层", "{80E0663F-44C2-420E-9416-88E8E3A70F79}"
EndProject
Project("{9A19103F-16F7-4668-BE54-9A1E7A4F7556}") = "EWF.Application.Web", "EWF.Application\EWF.Application.Web\EWF.Application.Web.csproj", "{E458DDF9-D961-42C1-BC87-F78273F239D4}"
EndProject
Project("{9A19103F-16F7-4668-BE54-9A1E7A4F7556}") = "EWF.Application.WebApi", "EWF.Application\EWF.Application.WebApi\EWF.Application.WebApi.csproj", "{62831A75-30A4-4C84-AA6F-6BBCEB8C5807}"
EndProject
Project("{2150E333-8FDC-42A3-9474-1A3956D46DE8}") = "01 Framework 基础设施层", "01 Framework 基础设施层", "{E3ACBFC5-5269-4437-8887-43CE3D44F602}"
EndProject
Project("{9A19103F-16F7-4668-BE54-9A1E7A4F7556}") = "EWF.Util", "EWF.Util\EWF.Util\EWF.Util.csproj", "{46CA30C5-FD68-48BF-90A4-8FDE2F681946}"
EndProject
Project("{9A19103F-16F7-4668-BE54-9A1E7A4F7556}") = "EWF.Dapper.SimpleCRUD", "EWF.Util\EWF.Dapper.SimpleCRUD\EWF.Dapper.SimpleCRUD.csproj", "{A66C13CF-947A-4DC1-A508-0C27B9940F4A}"
EndProject
Project("{9A19103F-16F7-4668-BE54-9A1E7A4F7556}") = "EWF.Util.CodeGenerator", "EWF.Util\EWF.Util.CodeGenerator\EWF.Util.CodeGenerator.csproj", "{CCBD02FE-E749-4FF2-B19C-D3A718F6B357}"
EndProject
Project("{2150E333-8FDC-42A3-9474-1A3956D46DE8}") = "02 DataAccess 数据库核心层", "02 DataAccess 数据库核心层", "{2A99DA22-13DD-467F-963A-BA7B72B1CF86}"
EndProject
Project("{9A19103F-16F7-4668-BE54-9A1E7A4F7556}") = "EWF.Data", "EWF.Data\EWF.Data\EWF.Data.csproj", "{EE0D42F2-8A70-4532-8C34-B2DD934928DB}"
EndProject
Project("{9A19103F-16F7-4668-BE54-9A1E7A4F7556}") = "EWF.Data.Dapper", "EWF.Data\EWF.Data.Dapper\EWF.Data.Dapper.csproj", "{5FF2AA20-3F0F-4B4F-98AD-1922BFC461D3}"
EndProject
Project("{9A19103F-16F7-4668-BE54-9A1E7A4F7556}") = "EWF.Data.Repository", "EWF.Data\EWF.Data.Repository\EWF.Data.Repository.csproj", "{AFA6E5EE-C844-455A-ABA5-A25F6487D520}"
EndProject
Project("{2150E333-8FDC-42A3-9474-1A3956D46DE8}") = "03 Repository 数据仓储层", "03 Repository 数据仓储层", "{D704F049-8C1A-42D8-97DC-6F889CB15B26}"
EndProject
Project("{9A19103F-16F7-4668-BE54-9A1E7A4F7556}") = "EWF.Entity", "EWF.Repository\EWF.Entity\EWF.Entity.csproj", "{866F83CD-5281-44C0-AF32-D16A2C77BDE0}"
EndProject
Project("{9A19103F-16F7-4668-BE54-9A1E7A4F7556}") = "EWF.IRepository", "EWF.Repository\EWF.IRepository\EWF.IRepository.csproj", "{A2BCE497-66D8-4C04-A0BC-E2E589293219}"
EndProject
Project("{9A19103F-16F7-4668-BE54-9A1E7A4F7556}") = "EWF.Repository", "EWF.Repository\EWF.Repository\EWF.Repository.csproj", "{BF45D969-1A03-40C6-837E-9674DE9840DD}"
EndProject
Project("{9A19103F-16F7-4668-BE54-9A1E7A4F7556}") = "EWF.Repository.Oracle", "EWF.Repository\EWF.Repository.Oracle\EWF.Repository.Oracle.csproj", "{AD6AC2D2-B8BF-4666-BE13-9988D8F15D31}"
EndProject
Project("{2150E333-8FDC-42A3-9474-1A3956D46DE8}") = "04 Business 业务逻辑层", "04 Business 业务逻辑层", "{D48356DF-C79D-4C7E-887D-408FA60A90C8}"
EndProject
Project("{9A19103F-16F7-4668-BE54-9A1E7A4F7556}") = "EWF.ViewModels", "EWF.Services\EWF.ViewModels\EWF.ViewModels.csproj", "{87BE89F5-CEE7-4E20-B955-76EAF7383DC3}"
EndProject
Project("{9A19103F-16F7-4668-BE54-9A1E7A4F7556}") = "EWF.IServices", "EWF.Services\EWF.IServices\EWF.IServices.csproj", "{7AB3899A-9C07-4C42-8976-067FB044D141}"
EndProject
Project("{9A19103F-16F7-4668-BE54-9A1E7A4F7556}") = "EWF.Services", "EWF.Services\EWF.Services\EWF.Services.csproj", "{BCA44AA6-3A9F-4263-93D9-16C8B1F744B5}"
EndProject
Project("{2150E333-8FDC-42A3-9474-1A3956D46DE8}") = "10 Test 测试", "10 Test 测试", "{C5E0FA4A-9867-42D8-BDE1-7A647E111210}"
EndProject
Project("{9A19103F-16F7-4668-BE54-9A1E7A4F7556}") = "EWF.Util.Test", "EWF.Test\EWF.Util.Test\EWF.Util.Test.csproj", "{36C7DD5F-D901-45E0-8FB0-705CB4724EBF}"
EndProject
Global
	GlobalSection(SolutionConfigurationPlatforms) = preSolution
		Debug|Any CPU = Debug|Any CPU
		Release|Any CPU = Release|Any CPU
	EndGlobalSection
	GlobalSection(ProjectConfigurationPlatforms) = postSolution
		{E458DDF9-D961-42C1-BC87-F78273F239D4}.Debug|Any CPU.ActiveCfg = Debug|Any CPU
		{E458DDF9-D961-42C1-BC87-F78273F239D4}.Debug|Any CPU.Build.0 = Debug|Any CPU
		{E458DDF9-D961-42C1-BC87-F78273F239D4}.Release|Any CPU.ActiveCfg = Release|Any CPU
		{E458DDF9-D961-42C1-BC87-F78273F239D4}.Release|Any CPU.Build.0 = Release|Any CPU
		{62831A75-30A4-4C84-AA6F-6BBCEB8C5807}.Debug|Any CPU.ActiveCfg = Debug|Any CPU
		{62831A75-30A4-4C84-AA6F-6BBCEB8C5807}.Debug|Any CPU.Build.0 = Debug|Any CPU
		{62831A75-30A4-4C84-AA6F-6BBCEB8C5807}.Release|Any CPU.ActiveCfg = Release|Any CPU
		{62831A75-30A4-4C84-AA6F-6BBCEB8C5807}.Release|Any CPU.Build.0 = Release|Any CPU
		{46CA30C5-FD68-48BF-90A4-8FDE2F681946}.Debug|Any CPU.ActiveCfg = Debug|Any CPU
		{46CA30C5-FD68-48BF-90A4-8FDE2F681946}.Debug|Any CPU.Build.0 = Debug|Any CPU
		{46CA30C5-FD68-48BF-90A4-8FDE2F681946}.Release|Any CPU.ActiveCfg = Release|Any CPU
		{46CA30C5-FD68-48BF-90A4-8FDE2F681946}.Release|Any CPU.Build.0 = Release|Any CPU
		{A66C13CF-947A-4DC1-A508-0C27B9940F4A}.Debug|Any CPU.ActiveCfg = Debug|Any CPU
		{A66C13CF-947A-4DC1-A508-0C27B9940F4A}.Debug|Any CPU.Build.0 = Debug|Any CPU
		{A66C13CF-947A-4DC1-A508-0C27B9940F4A}.Release|Any CPU.ActiveCfg = Release|Any CPU
		{A66C13CF-947A-4DC1-A508-0C27B9940F4A}.Release|Any CPU.Build.0 = Release|Any CPU
		{CCBD02FE-E749-4FF2-B19C-D3A718F6B357}.Debug|Any CPU.ActiveCfg = Debug|Any CPU
		{CCBD02FE-E749-4FF2-B19C-D3A718F6B357}.Debug|Any CPU.Build.0 = Debug|Any CPU
		{CCBD02FE-E749-4FF2-B19C-D3A718F6B357}.Release|Any CPU.ActiveCfg = Release|Any CPU
		{CCBD02FE-E749-4FF2-B19C-D3A718F6B357}.Release|Any CPU.Build.0 = Release|Any CPU
		{EE0D42F2-8A70-4532-8C34-B2DD934928DB}.Debug|Any CPU.ActiveCfg = Debug|Any CPU
		{EE0D42F2-8A70-4532-8C34-B2DD934928DB}.Debug|Any CPU.Build.0 = Debug|Any CPU
		{EE0D42F2-8A70-4532-8C34-B2DD934928DB}.Release|Any CPU.ActiveCfg = Release|Any CPU
		{EE0D42F2-8A70-4532-8C34-B2DD934928DB}.Release|Any CPU.Build.0 = Release|Any CPU
		{5FF2AA20-3F0F-4B4F-98AD-1922BFC461D3}.Debug|Any CPU.ActiveCfg = Debug|Any CPU
		{5FF2AA20-3F0F-4B4F-98AD-1922BFC461D3}.Debug|Any CPU.Build.0 = Debug|Any CPU
		{5FF2AA20-3F0F-4B4F-98AD-1922BFC461D3}.Release|Any CPU.ActiveCfg = Release|Any CPU
		{5FF2AA20-3F0F-4B4F-98AD-1922BFC461D3}.Release|Any CPU.Build.0 = Release|Any CPU
		{AFA6E5EE-C844-455A-ABA5-A25F6487D520}.Debug|Any CPU.ActiveCfg = Debug|Any CPU
		{AFA6E5EE-C844-455A-ABA5-A25F6487D520}.Debug|Any CPU.Build.0 = Debug|Any CPU
		{AFA6E5EE-C844-455A-ABA5-A25F6487D520}.Release|Any CPU.ActiveCfg = Release|Any CPU
		{AFA6E5EE-C844-455A-ABA5-A25F6487D520}.Release|Any CPU.Build.0 = Release|Any CPU
		{866F83CD-5281-44C0-AF32-D16A2C77BDE0}.Debug|Any CPU.ActiveCfg = Debug|Any CPU
		{866F83CD-5281-44C0-AF32-D16A2C77BDE0}.Debug|Any CPU.Build.0 = Debug|Any CPU
		{866F83CD-5281-44C0-AF32-D16A2C77BDE0}.Release|Any CPU.ActiveCfg = Release|Any CPU
		{866F83CD-5281-44C0-AF32-D16A2C77BDE0}.Release|Any CPU.Build.0 = Release|Any CPU
		{A2BCE497-66D8-4C04-A0BC-E2E589293219}.Debug|Any CPU.ActiveCfg = Debug|Any CPU
		{A2BCE497-66D8-4C04-A0BC-E2E589293219}.Debug|Any CPU.Build.0 = Debug|Any CPU
		{A2BCE497-66D8-4C04-A0BC-E2E589293219}.Release|Any CPU.ActiveCfg = Release|Any CPU
		{A2BCE497-66D8-4C04-A0BC-E2E589293219}.Release|Any CPU.Build.0 = Release|Any CPU
		{BF45D969-1A03-40C6-837E-9674DE9840DD}.Debug|Any CPU.ActiveCfg = Debug|Any CPU
		{BF45D969-1A03-40C6-837E-9674DE9840DD}.Debug|Any CPU.Build.0 = Debug|Any CPU
		{BF45D969-1A03-40C6-837E-9674DE9840DD}.Release|Any CPU.ActiveCfg = Release|Any CPU
		{BF45D969-1A03-40C6-837E-9674DE9840DD}.Release|Any CPU.Build.0 = Release|Any CPU
		{AD6AC2D2-B8BF-4666-BE13-9988D8F15D31}.Debug|Any CPU.ActiveCfg = Debug|Any CPU
		{AD6AC2D2-B8BF-4666-BE13-9988D8F15D31}.Debug|Any CPU.Build.0 = Debug|Any CPU
		{AD6AC2D2-B8BF-4666-BE13-9988D8F15D31}.Release|Any CPU.ActiveCfg = Release|Any CPU
		{AD6AC2D2-B8BF-4666-BE13-9988D8F15D31}.Release|Any CPU.Build.0 = Release|Any CPU
		{87BE89F5-CEE7-4E20-B955-76EAF7383DC3}.Debug|Any CPU.ActiveCfg = Debug|Any CPU
		{87BE89F5-CEE7-4E20-B955-76EAF7383DC3}.Debug|Any CPU.Build.0 = Debug|Any CPU
		{87BE89F5-CEE7-4E20-B955-76EAF7383DC3}.Release|Any CPU.ActiveCfg = Release|Any CPU
		{87BE89F5-CEE7-4E20-B955-76EAF7383DC3}.Release|Any CPU.Build.0 = Release|Any CPU
		{7AB3899A-9C07-4C42-8976-067FB044D141}.Debug|Any CPU.ActiveCfg = Debug|Any CPU
		{7AB3899A-9C07-4C42-8976-067FB044D141}.Debug|Any CPU.Build.0 = Debug|Any CPU
		{7AB3899A-9C07-4C42-8976-067FB044D141}.Release|Any CPU.ActiveCfg = Release|Any CPU
		{7AB3899A-9C07-4C42-8976-067FB044D141}.Release|Any CPU.Build.0 = Release|Any CPU
		{BCA44AA6-3A9F-4263-93D9-16C8B1F744B5}.Debug|Any CPU.ActiveCfg = Debug|Any CPU
		{BCA44AA6-3A9F-4263-93D9-16C8B1F744B5}.Debug|Any CPU.Build.0 = Debug|Any CPU
		{BCA44AA6-3A9F-4263-93D9-16C8B1F744B5}.Release|Any CPU.ActiveCfg = Release|Any CPU
		{BCA44AA6-3A9F-4263-93D9-16C8B1F744B5}.Release|Any CPU.Build.0 = Release|Any CPU
		{36C7DD5F-D901-45E0-8FB0-705CB4724EBF}.Debug|Any CPU.ActiveCfg = Debug|Any CPU
		{36C7DD5F-D901-45E0-8FB0-705CB4724EBF}.Debug|Any CPU.Build.0 = Debug|Any CPU
		{36C7DD5F-D901-45E0-8FB0-705CB4724EBF}.Release|Any CPU.ActiveCfg = Release|Any CPU
		{36C7DD5F-D901-45E0-8FB0-705CB4724EBF}.Release|Any CPU.Build.0 = Release|Any CPU
	EndGlobalSection
	GlobalSection(SolutionProperties) = preSolution
		HideSolutionNode = FALSE
	EndGlobalSection
	GlobalSection(NestedProjects) = preSolution
		{E458DDF9-D961-42C1-BC87-F78273F239D4} = {80E0663F-44C2-420E-9416-88E8E3A70F79}
		{62831A75-30A4-4C84-AA6F-6BBCEB8C5807} = {80E0663F-44C2-420E-9416-88E8E3A70F79}
		{46CA30C5-FD68-48BF-90A4-8FDE2F681946} = {E3ACBFC5-5269-4437-8887-43CE3D44F602}
		{A66C13CF-947A-4DC1-A508-0C27B9940F4A} = {E3ACBFC5-5269-4437-8887-43CE3D44F602}
		{CCBD02FE-E749-4FF2-B19C-D3A718F6B357} = {E3ACBFC5-5269-4437-8887-43CE3D44F602}
		{EE0D42F2-8A70-4532-8C34-B2DD934928DB} = {2A99DA22-13DD-467F-963A-BA7B72B1CF86}
		{5FF2AA20-3F0F-4B4F-98AD-1922BFC461D3} = {2A99DA22-13DD-467F-963A-BA7B72B1CF86}
		{AFA6E5EE-C844-455A-ABA5-A25F6487D520} = {2A99DA22-13DD-467F-963A-BA7B72B1CF86}
		{866F83CD-5281-44C0-AF32-D16A2C77BDE0} = {D704F049-8C1A-42D8-97DC-6F889CB15B26}
		{A2BCE497-66D8-4C04-A0BC-E2E589293219} = {D704F049-8C1A-42D8-97DC-6F889CB15B26}
		{BF45D969-1A03-40C6-837E-9674DE9840DD} = {D704F049-8C1A-42D8-97DC-6F889CB15B26}
		{AD6AC2D2-B8BF-4666-BE13-9988D8F15D31} = {D704F049-8C1A-42D8-97DC-6F889CB15B26}
		{87BE89F5-CEE7-4E20-B955-76EAF7383DC3} = {D48356DF-C79D-4C7E-887D-408FA60A90C8}
		{7AB3899A-9C07-4C42-8976-067FB044D141} = {D48356DF-C79D-4C7E-887D-408FA60A90C8}
		{BCA44AA6-3A9F-4263-93D9-16C8B1F744B5} = {D48356DF-C79D-4C7E-887D-408FA60A90C8}
		{36C7DD5F-D901-45E0-8FB0-705CB4724EBF} = {C5E0FA4A-9867-42D8-BDE1-7A647E111210}
	EndGlobalSection
	GlobalSection(ExtensibilityGlobals) = postSolution
		SolutionGuid = {8CD4E19A-B63C-4B41-BB29-DBBBB2D180B7}
	EndGlobalSection
EndGlobal
